{
  "version": 4,
  "terraform_version": "1.10.0",
  "serial": 448,
  "lineage": "7b258da1-9baa-553a-313f-ad107ce55882",
  "outputs": {},
  "resources": [
    {
      "mode": "managed",
      "type": "newrelic_alert_policy",
      "name": "ec2_alert_policy",
      "provider": "provider[\"registry.terraform.io/newrelic/newrelic\"]",
      "instances": [
        {
          "schema_version": 0,
          "attributes": {
            "account_id": 2469734,
            "channel_ids": null,
            "id": "5723911",
            "incident_preference": "PER_POLICY",
            "name": "EC2-Alert-Policy"
          },
          "sensitive_attributes": [],
          "private": "bnVsbA=="
        }
      ]
    },
    {
      "mode": "managed",
      "type": "newrelic_entity_tags",
      "name": "CJAMS_D1_Pri_tag",
      "provider": "provider[\"registry.terraform.io/newrelic/newrelic\"]",
      "instances": [
        {
          "schema_version": 0,
          "attributes": {
            "guid": "MjQ2OTczNHxJTkZSQXxOQXwtMTE3MTkxOTk0MzYwNTQxMTMyMw",
            "id": "MjQ2OTczNHxJTkZSQXxOQXwtMTE3MTkxOTk0MzYwNTQxMTMyMw",
            "tag": [
              {
                "key": "Application",
                "values": [
                  "CJAMS"
                ]
              },
              {
                "key": "ClusterName",
                "values": [
                  "CJAMS-Dev1-Pri-DocDB"
                ]
              },
              {
                "key": "Environment",
                "values": [
                  "DEV/UAT"
                ]
              },
              {
                "key": "Services",
                "values": [
                  "DocumentDB"
                ]
              }
            ],
            "timeouts": null
          },
          "sensitive_attributes": [],
          "private": "eyJlMmJmYjczMC1lY2FhLTExZTYtOGY4OC0zNDM2M2JjN2M0YzAiOnsiY3JlYXRlIjoxMDAwMDAwMDAwMH19"
        }
      ]
    },
    {
      "mode": "managed",
      "type": "newrelic_entity_tags",
      "name": "DP_D1_Pri_tag",
      "provider": "provider[\"registry.terraform.io/newrelic/newrelic\"]",
      "instances": [
        {
          "schema_version": 0,
          "attributes": {
            "guid": "MjQ2OTczNHxJTkZSQXxOQXwtODY2MzMyNDIyNTI5NTE1ODkxMg",
            "id": "MjQ2OTczNHxJTkZSQXxOQXwtODY2MzMyNDIyNTI5NTE1ODkxMg",
            "tag": [
              {
                "key": "Application",
                "values": [
                  "DataPortal"
                ]
              },
              {
                "key": "ClusterName",
                "values": [
                  "DataPortal-Dev1-Pri-DocDB"
                ]
              },
              {
                "key": "Environment",
                "values": [
                  "DEV/UAT"
                ]
              },
              {
                "key": "Services",
                "values": [
                  "DocumentDB"
                ]
              }
            ],
            "timeouts": null
          },
          "sensitive_attributes": [],
          "private": "eyJlMmJmYjczMC1lY2FhLTExZTYtOGY4OC0zNDM2M2JjN2M0YzAiOnsiY3JlYXRlIjoxMDAwMDAwMDAwMH19"
        }
      ]
    },
    {
      "mode": "managed",
      "type": "newrelic_entity_tags",
      "name": "EDMS_D1_Pri_tag",
      "provider": "provider[\"registry.terraform.io/newrelic/newrelic\"]",
      "instances": [
        {
          "schema_version": 0,
          "attributes": {
            "guid": "MjQ2OTczNHxJTkZSQXxOQXwtNTgwOTQ4NDkwNjEwNjg4ODU1Nw",
            "id": "MjQ2OTczNHxJTkZSQXxOQXwtNTgwOTQ4NDkwNjEwNjg4ODU1Nw",
            "tag": [
              {
                "key": "Application",
                "values": [
                  "EDMS"
                ]
              },
              {
                "key": "ClusterName",
                "values": [
                  "EDMS-Dev1-Pri-DocDB"
                ]
              },
              {
                "key": "Environment",
                "values": [
                  "DEV/UAT"
                ]
              },
              {
                "key": "Services",
                "values": [
                  "DocumentDB"
                ]
              }
            ],
            "timeouts": null
          },
          "sensitive_attributes": [],
          "private": "eyJlMmJmYjczMC1lY2FhLTExZTYtOGY4OC0zNDM2M2JjN2M0YzAiOnsiY3JlYXRlIjoxMDAwMDAwMDAwMH19"
        }
      ]
    },
    {
      "mode": "managed",
      "type": "newrelic_entity_tags",
      "name": "EDMS_D1_Sec_tag",
      "provider": "provider[\"registry.terraform.io/newrelic/newrelic\"]",
      "instances": [
        {
          "schema_version": 0,
          "attributes": {
            "guid": "MjQ2OTczNHxJTkZSQXxOQXwxMzAxOTM4NDAzMTQyMTYyMzU2",
            "id": "MjQ2OTczNHxJTkZSQXxOQXwxMzAxOTM4NDAzMTQyMTYyMzU2",
            "tag": [
              {
                "key": "Application",
                "values": [
                  "EDMS"
                ]
              },
              {
                "key": "ClusterName",
                "values": [
                  "EDMS-Dev1-Sec-DocDB"
                ]
              },
              {
                "key": "Environment",
                "values": [
                  "DEV/UAT"
                ]
              },
              {
                "key": "Services",
                "values": [
                  "DocumentDB"
                ]
              }
            ],
            "timeouts": null
          },
          "sensitive_attributes": [],
          "private": "eyJlMmJmYjczMC1lY2FhLTExZTYtOGY4OC0zNDM2M2JjN2M0YzAiOnsiY3JlYXRlIjoxMDAwMDAwMDAwMH19"
        }
      ]
    },
    {
      "mode": "managed",
      "type": "newrelic_entity_tags",
      "name": "EDMS_D2_Pri_tag",
      "provider": "provider[\"registry.terraform.io/newrelic/newrelic\"]",
      "instances": [
        {
          "schema_version": 0,
          "attributes": {
            "guid": "MjQ2OTczNHxJTkZSQXxOQXw3NjQwNzUyMTI1ODUzNjgyODY0",
            "id": "MjQ2OTczNHxJTkZSQXxOQXw3NjQwNzUyMTI1ODUzNjgyODY0",
            "tag": [
              {
                "key": "Application",
                "values": [
                  "EDMS"
                ]
              },
              {
                "key": "ClusterName",
                "values": [
                  "EDMS-Dev2-Pri-DocDB"
                ]
              },
              {
                "key": "Environment",
                "values": [
                  "DEV/UAT"
                ]
              },
              {
                "key": "Services",
                "values": [
                  "DocumentDB"
                ]
              }
            ],
            "timeouts": null
          },
          "sensitive_attributes": [],
          "private": "eyJlMmJmYjczMC1lY2FhLTExZTYtOGY4OC0zNDM2M2JjN2M0YzAiOnsiY3JlYXRlIjoxMDAwMDAwMDAwMH19"
        }
      ]
    },
    {
      "mode": "managed",
      "type": "newrelic_entity_tags",
      "name": "EDMS_D2_Sec_tag",
      "provider": "provider[\"registry.terraform.io/newrelic/newrelic\"]",
      "instances": [
        {
          "schema_version": 0,
          "attributes": {
            "guid": "MjQ2OTczNHxJTkZSQXxOQXwtODUyNjI3NjA4NDMwNzE4NjU2Nw",
            "id": "MjQ2OTczNHxJTkZSQXxOQXwtODUyNjI3NjA4NDMwNzE4NjU2Nw",
            "tag": [
              {
                "key": "Application",
                "values": [
                  "EDMS"
                ]
              },
              {
                "key": "ClusterName",
                "values": [
                  "EDMS-Dev2-Sec-DocDB"
                ]
              },
              {
                "key": "Environment",
                "values": [
                  "DEV/UAT"
                ]
              },
              {
                "key": "Services",
                "values": [
                  "DocumentDB"
                ]
              }
            ],
            "timeouts": null
          },
          "sensitive_attributes": [],
          "private": "eyJlMmJmYjczMC1lY2FhLTExZTYtOGY4OC0zNDM2M2JjN2M0YzAiOnsiY3JlYXRlIjoxMDAwMDAwMDAwMH19"
        }
      ]
    },
    {
      "mode": "managed",
      "type": "newrelic_entity_tags",
      "name": "EDMS_D3_Pri_tag",
      "provider": "provider[\"registry.terraform.io/newrelic/newrelic\"]",
      "instances": [
        {
          "schema_version": 0,
          "attributes": {
            "guid": "MjQ2OTczNHxJTkZSQXxOQXwtMTk3NTI4NTUxNjE1NDQ3NDA4MA",
            "id": "MjQ2OTczNHxJTkZSQXxOQXwtMTk3NTI4NTUxNjE1NDQ3NDA4MA",
            "tag": [
              {
                "key": "Application",
                "values": [
                  "EDMS"
                ]
              },
              {
                "key": "ClusterName",
                "values": [
                  "EDMS-Dev3-Pri-DocDB"
                ]
              },
              {
                "key": "Environment",
                "values": [
                  "DEV/UAT"
                ]
              },
              {
                "key": "Services",
                "values": [
                  "DocumentDB"
                ]
              }
            ],
            "timeouts": null
          },
          "sensitive_attributes": [],
          "private": "eyJlMmJmYjczMC1lY2FhLTExZTYtOGY4OC0zNDM2M2JjN2M0YzAiOnsiY3JlYXRlIjoxMDAwMDAwMDAwMH19"
        }
      ]
    },
    {
      "mode": "managed",
      "type": "newrelic_entity_tags",
      "name": "EDMS_D3_Sec_tag",
      "provider": "provider[\"registry.terraform.io/newrelic/newrelic\"]",
      "instances": [
        {
          "schema_version": 0,
          "attributes": {
            "guid": "MjQ2OTczNHxJTkZSQXxOQXwtMTcxNDYyOTUxNjU2MjQxMzA3NA",
            "id": "MjQ2OTczNHxJTkZSQXxOQXwtMTcxNDYyOTUxNjU2MjQxMzA3NA",
            "tag": [
              {
                "key": "Application",
                "values": [
                  "EDMS"
                ]
              },
              {
                "key": "ClusterName",
                "values": [
                  "EDMS-Dev3-Sec-DocDB"
                ]
              },
              {
                "key": "Environment",
                "values": [
                  "DEV/UAT"
                ]
              },
              {
                "key": "Services",
                "values": [
                  "DocumentDB"
                ]
              }
            ],
            "timeouts": null
          },
          "sensitive_attributes": [],
          "private": "eyJlMmJmYjczMC1lY2FhLTExZTYtOGY4OC0zNDM2M2JjN2M0YzAiOnsiY3JlYXRlIjoxMDAwMDAwMDAwMH19"
        }
      ]
    },
    {
      "mode": "managed",
      "type": "newrelic_entity_tags",
      "name": "EDMS_U1_Pri_tag",
      "provider": "provider[\"registry.terraform.io/newrelic/newrelic\"]",
      "instances": [
        {
          "schema_version": 0,
          "attributes": {
            "guid": "MjQ2OTczNHxJTkZSQXxOQXw1MzExNjg4NjcyOTM4NjA4NDYw",
            "id": "MjQ2OTczNHxJTkZSQXxOQXw1MzExNjg4NjcyOTM4NjA4NDYw",
            "tag": [
              {
                "key": "Application",
                "values": [
                  "EDMS"
                ]
              },
              {
                "key": "ClusterName",
                "values": [
                  "EDMS-UAT1-Pri-DocDB"
                ]
              },
              {
                "key": "Environment",
                "values": [
                  "DEV/UAT"
                ]
              },
              {
                "key": "Services",
                "values": [
                  "DocumentDB"
                ]
              }
            ],
            "timeouts": null
          },
          "sensitive_attributes": [],
          "private": "eyJlMmJmYjczMC1lY2FhLTExZTYtOGY4OC0zNDM2M2JjN2M0YzAiOnsiY3JlYXRlIjoxMDAwMDAwMDAwMH19"
        }
      ]
    },
    {
      "mode": "managed",
      "type": "newrelic_entity_tags",
      "name": "EDMS_U1_Sec_tag",
      "provider": "provider[\"registry.terraform.io/newrelic/newrelic\"]",
      "instances": [
        {
          "schema_version": 0,
          "attributes": {
            "guid": "MjQ2OTczNHxJTkZSQXxOQXw0NzY2MDk3MDM1ODE0ODkwNDAz",
            "id": "MjQ2OTczNHxJTkZSQXxOQXw0NzY2MDk3MDM1ODE0ODkwNDAz",
            "tag": [
              {
                "key": "Application",
                "values": [
                  "EDMS"
                ]
              },
              {
                "key": "ClusterName",
                "values": [
                  "EDMS-UAT1-Sec-DocDB"
                ]
              },
              {
                "key": "Environment",
                "values": [
                  "DEV/UAT"
                ]
              },
              {
                "key": "Services",
                "values": [
                  "DocumentDB"
                ]
              }
            ],
            "timeouts": null
          },
          "sensitive_attributes": [],
          "private": "eyJlMmJmYjczMC1lY2FhLTExZTYtOGY4OC0zNDM2M2JjN2M0YzAiOnsiY3JlYXRlIjoxMDAwMDAwMDAwMH19"
        }
      ]
    },
    {
      "mode": "managed",
      "type": "newrelic_entity_tags",
      "name": "EDMS_U2_Pri_tag",
      "provider": "provider[\"registry.terraform.io/newrelic/newrelic\"]",
      "instances": [
        {
          "schema_version": 0,
          "attributes": {
            "guid": "MjQ2OTczNHxJTkZSQXxOQXwtNTM3MzgwMTM0NDY4NDY2MzM4MQ",
            "id": "MjQ2OTczNHxJTkZSQXxOQXwtNTM3MzgwMTM0NDY4NDY2MzM4MQ",
            "tag": [
              {
                "key": "Application",
                "values": [
                  "EDMS"
                ]
              },
              {
                "key": "ClusterName",
                "values": [
                  "EDMS-UAT2-Pri-DocDB"
                ]
              },
              {
                "key": "Environment",
                "values": [
                  "DEV/UAT"
                ]
              },
              {
                "key": "Services",
                "values": [
                  "DocumentDB"
                ]
              }
            ],
            "timeouts": null
          },
          "sensitive_attributes": [],
          "private": "eyJlMmJmYjczMC1lY2FhLTExZTYtOGY4OC0zNDM2M2JjN2M0YzAiOnsiY3JlYXRlIjoxMDAwMDAwMDAwMH19"
        }
      ]
    },
    {
      "mode": "managed",
      "type": "newrelic_entity_tags",
      "name": "R360_D1_Pri_tag",
      "provider": "provider[\"registry.terraform.io/newrelic/newrelic\"]",
      "instances": [
        {
          "schema_version": 0,
          "attributes": {
            "guid": "MjQ2OTczNHxJTkZSQXxOQXw3NDI4MzAyMzExNjAwMzAyOTEw",
            "id": "MjQ2OTczNHxJTkZSQXxOQXw3NDI4MzAyMzExNjAwMzAyOTEw",
            "tag": [
              {
                "key": "Application",
                "values": [
                  "R360"
                ]
              },
              {
                "key": "ClusterName",
                "values": [
                  "R360-Dev1-Pri-DocDB"
                ]
              },
              {
                "key": "Environment",
                "values": [
                  "DEV/UAT"
                ]
              },
              {
                "key": "Services",
                "values": [
                  "DocumentDB"
                ]
              }
            ],
            "timeouts": null
          },
          "sensitive_attributes": [],
          "private": "eyJlMmJmYjczMC1lY2FhLTExZTYtOGY4OC0zNDM2M2JjN2M0YzAiOnsiY3JlYXRlIjoxMDAwMDAwMDAwMH19"
        }
      ]
    },
    {
      "mode": "managed",
      "type": "newrelic_entity_tags",
      "name": "R360_U1_Pri_tag",
      "provider": "provider[\"registry.terraform.io/newrelic/newrelic\"]",
      "instances": [
        {
          "schema_version": 0,
          "attributes": {
            "guid": "MjQ2OTczNHxJTkZSQXxOQXwtNTU4ODY2NDQzOTUwNzI3MDgyNg",
            "id": "MjQ2OTczNHxJTkZSQXxOQXwtNTU4ODY2NDQzOTUwNzI3MDgyNg",
            "tag": [
              {
                "key": "Application",
                "values": [
                  "R360"
                ]
              },
              {
                "key": "ClusterName",
                "values": [
                  "R360-UAT1-Pri-DocDB"
                ]
              },
              {
                "key": "Environment",
                "values": [
                  "DEV/UAT"
                ]
              },
              {
                "key": "Services",
                "values": [
                  "DocumentDB"
                ]
              }
            ],
            "timeouts": null
          },
          "sensitive_attributes": [],
          "private": "eyJlMmJmYjczMC1lY2FhLTExZTYtOGY4OC0zNDM2M2JjN2M0YzAiOnsiY3JlYXRlIjoxMDAwMDAwMDAwMH19"
        }
      ]
    },
    {
      "mode": "managed",
      "type": "newrelic_entity_tags",
      "name": "auditLog1_dp_D1_Pri_estag",
      "provider": "provider[\"registry.terraform.io/newrelic/newrelic\"]",
      "instances": [
        {
          "schema_version": 0,
          "attributes": {
            "guid": "MjQ2OTczNHxJTkZSQXxOQXwtOTEyNzE0MTQzMTc5ODAyMDg4Nw",
            "id": "MjQ2OTczNHxJTkZSQXxOQXwtOTEyNzE0MTQzMTc5ODAyMDg4Nw",
            "tag": [
              {
                "key": "Application",
                "values": [
                  "AuditLogs-1"
                ]
              },
              {
                "key": "ClusterName",
                "values": [
                  "AuditLog1-DP-Dev1-OpenSearch"
                ]
              },
              {
                "key": "Environment",
                "values": [
                  "DEV/UAT"
                ]
              },
              {
                "key": "Services",
                "values": [
                  "OpenSearch"
                ]
              }
            ],
            "timeouts": null
          },
          "sensitive_attributes": [],
          "private": "eyJlMmJmYjczMC1lY2FhLTExZTYtOGY4OC0zNDM2M2JjN2M0YzAiOnsiY3JlYXRlIjoxMDAwMDAwMDAwMH19"
        }
      ]
    },
    {
      "mode": "managed",
      "type": "newrelic_entity_tags",
      "name": "auditLog_edms_D1_Pri_estag",
      "provider": "provider[\"registry.terraform.io/newrelic/newrelic\"]",
      "instances": [
        {
          "schema_version": 0,
          "attributes": {
            "guid": "MjQ2OTczNHxJTkZSQXxOQXw0MzYwMTg0MDU1Mjc1NTI0MTk",
            "id": "MjQ2OTczNHxJTkZSQXxOQXw0MzYwMTg0MDU1Mjc1NTI0MTk",
            "tag": [
              {
                "key": "Application",
                "values": [
                  "AuditLogs"
                ]
              },
              {
                "key": "ClusterName",
                "values": [
                  "AuditLog-EDMS-Dev1-OpenSearch"
                ]
              },
              {
                "key": "Environment",
                "values": [
                  "DEV/UAT"
                ]
              },
              {
                "key": "Services",
                "values": [
                  "OpenSearch"
                ]
              }
            ],
            "timeouts": null
          },
          "sensitive_attributes": [],
          "private": "eyJlMmJmYjczMC1lY2FhLTExZTYtOGY4OC0zNDM2M2JjN2M0YzAiOnsiY3JlYXRlIjoxMDAwMDAwMDAwMH19"
        }
      ]
    },
    {
      "mode": "managed",
      "type": "newrelic_entity_tags",
      "name": "ec2_mdm_app_dev_ec2tag",
      "provider": "provider[\"registry.terraform.io/newrelic/newrelic\"]",
      "instances": [
        {
          "schema_version": 0,
          "attributes": {
            "guid": "MjQ2OTczNHxJTkZSQXxOQXwzMDU1NzQ0MTE5MjY5MzA0MDEy",
            "id": "MjQ2OTczNHxJTkZSQXxOQXwzMDU1NzQ0MTE5MjY5MzA0MDEy",
            "tag": [
              {
                "key": "Application",
                "values": [
                  "MDM"
                ]
              },
              {
                "key": "Environment",
                "values": [
                  "DEV/UAT"
                ]
              },
              {
                "key": "InstanceName",
                "values": [
                  "MDM-APP-Dev"
                ]
              }
            ],
            "timeouts": null
          },
          "sensitive_attributes": [],
          "private": "eyJlMmJmYjczMC1lY2FhLTExZTYtOGY4OC0zNDM2M2JjN2M0YzAiOnsiY3JlYXRlIjoxMDAwMDAwMDAwMH19"
        }
      ]
    },
    {
      "mode": "managed",
      "type": "newrelic_entity_tags",
      "name": "ec2_mdm_app_dev_enhans_ec2tag",
      "provider": "provider[\"registry.terraform.io/newrelic/newrelic\"]",
      "instances": [
        {
          "schema_version": 0,
          "attributes": {
            "guid": "MjQ2OTczNHxJTkZSQXxOQXwtNjQxNjQ4Nzg0NDMxNDI5ODE4Mg",
            "id": "MjQ2OTczNHxJTkZSQXxOQXwtNjQxNjQ4Nzg0NDMxNDI5ODE4Mg",
            "tag": [
              {
                "key": "Application",
                "values": [
                  "MDM"
                ]
              },
              {
                "key": "Environment",
                "values": [
                  "DEV/UAT"
                ]
              },
              {
                "key": "InstanceName",
                "values": [
                  "MDM-APP-Dev-EnHans"
                ]
              }
            ],
            "timeouts": null
          },
          "sensitive_attributes": [],
          "private": "eyJlMmJmYjczMC1lY2FhLTExZTYtOGY4OC0zNDM2M2JjN2M0YzAiOnsiY3JlYXRlIjoxMDAwMDAwMDAwMH19"
        }
      ]
    },
    {
      "mode": "managed",
      "type": "newrelic_entity_tags",
      "name": "ec2_mdm_app_uat_enhans_ec2tag",
      "provider": "provider[\"registry.terraform.io/newrelic/newrelic\"]",
      "instances": [
        {
          "schema_version": 0,
          "attributes": {
            "guid": "MjQ2OTczNHxJTkZSQXxOQXw0MTM2NzY4NzQxMTU1Mzg0NDUx",
            "id": "MjQ2OTczNHxJTkZSQXxOQXw0MTM2NzY4NzQxMTU1Mzg0NDUx",
            "tag": [
              {
                "key": "Application",
                "values": [
                  "MDM"
                ]
              },
              {
                "key": "Environment",
                "values": [
                  "DEV/UAT"
                ]
              },
              {
                "key": "InstanceName",
                "values": [
                  "MDM-APP-UAT-EnHans"
                ]
              }
            ],
            "timeouts": null
          },
          "sensitive_attributes": [],
          "private": "eyJlMmJmYjczMC1lY2FhLTExZTYtOGY4OC0zNDM2M2JjN2M0YzAiOnsiY3JlYXRlIjoxMDAwMDAwMDAwMH19"
        }
      ]
    },
    {
      "mode": "managed",
      "type": "newrelic_entity_tags",
      "name": "ec2_mdm_app_uat_node1_ec2tag",
      "provider": "provider[\"registry.terraform.io/newrelic/newrelic\"]",
      "instances": [
        {
          "schema_version": 0,
          "attributes": {
            "guid": "MjQ2OTczNHxJTkZSQXxOQXwtNjQ2NzI0NDQ5NDYyMzk3OTkwOQ",
            "id": "MjQ2OTczNHxJTkZSQXxOQXwtNjQ2NzI0NDQ5NDYyMzk3OTkwOQ",
            "tag": [
              {
                "key": "Application",
                "values": [
                  "MDM"
                ]
              },
              {
                "key": "Environment",
                "values": [
                  "DEV/UAT"
                ]
              },
              {
                "key": "InstanceName",
                "values": [
                  "MDM-APP-UAT-Node-1"
                ]
              }
            ],
            "timeouts": null
          },
          "sensitive_attributes": [],
          "private": "eyJlMmJmYjczMC1lY2FhLTExZTYtOGY4OC0zNDM2M2JjN2M0YzAiOnsiY3JlYXRlIjoxMDAwMDAwMDAwMH19"
        }
      ]
    },
    {
      "mode": "managed",
      "type": "newrelic_entity_tags",
      "name": "ec2_mdm_app_uat_node2_ec2tag",
      "provider": "provider[\"registry.terraform.io/newrelic/newrelic\"]",
      "instances": [
        {
          "schema_version": 0,
          "attributes": {
            "guid": "MjQ2OTczNHxJTkZSQXxOQXwtMTY3NjIyNDk0MDUxNTU2MTM3OQ",
            "id": "MjQ2OTczNHxJTkZSQXxOQXwtMTY3NjIyNDk0MDUxNTU2MTM3OQ",
            "tag": [
              {
                "key": "Application",
                "values": [
                  "MDM"
                ]
              },
              {
                "key": "Environment",
                "values": [
                  "DEV/UAT"
                ]
              },
              {
                "key": "InstanceName",
                "values": [
                  "MDM-APP-UAT-Node-2"
                ]
              }
            ],
            "timeouts": null
          },
          "sensitive_attributes": [],
          "private": "eyJlMmJmYjczMC1lY2FhLTExZTYtOGY4OC0zNDM2M2JjN2M0YzAiOnsiY3JlYXRlIjoxMDAwMDAwMDAwMH19"
        }
      ]
    },
    {
      "mode": "managed",
      "type": "newrelic_entity_tags",
      "name": "r360_edms_D1_Pri_estag",
      "provider": "provider[\"registry.terraform.io/newrelic/newrelic\"]",
      "instances": [
        {
          "schema_version": 0,
          "attributes": {
            "guid": "MjQ2OTczNHxJTkZSQXxOQXw4NzM0MzExOTU3Njk3Nzk0NDE4",
            "id": "MjQ2OTczNHxJTkZSQXxOQXw4NzM0MzExOTU3Njk3Nzk0NDE4",
            "tag": [
              {
                "key": "Application",
                "values": [
                  "EDMS"
                ]
              },
              {
                "key": "Application",
                "values": [
                  "R360"
                ]
              },
              {
                "key": "ClusterName",
                "values": [
                  "R360/EDMS-Dev1-Pri-OpenSearch"
                ]
              },
              {
                "key": "Environment",
                "values": [
                  "DEV/UAT"
                ]
              },
              {
                "key": "Services",
                "values": [
                  "OpenSearch"
                ]
              }
            ],
            "timeouts": null
          },
          "sensitive_attributes": [],
          "private": "eyJlMmJmYjczMC1lY2FhLTExZTYtOGY4OC0zNDM2M2JjN2M0YzAiOnsiY3JlYXRlIjo2MDAwMDAwMDAwMH19"
        }
      ]
    },
    {
      "mode": "managed",
      "type": "newrelic_entity_tags",
      "name": "r360_edms_U1_Pri_estag",
      "provider": "provider[\"registry.terraform.io/newrelic/newrelic\"]",
      "instances": [
        {
          "schema_version": 0,
          "attributes": {
            "guid": "MjQ2OTczNHxJTkZSQXxOQXwtNDkxMDU2OTQzNjIwMTI1ODgwNQ",
            "id": "MjQ2OTczNHxJTkZSQXxOQXwtNDkxMDU2OTQzNjIwMTI1ODgwNQ",
            "tag": [
              {
                "key": "Application",
                "values": [
                  "EDMS"
                ]
              },
              {
                "key": "Application",
                "values": [
                  "R360"
                ]
              },
              {
                "key": "ClusterName",
                "values": [
                  "R360/EDMS-UAT1-Pri-OpenSearch"
                ]
              },
              {
                "key": "Environment",
                "values": [
                  "DEV/UAT"
                ]
              },
              {
                "key": "Services",
                "values": [
                  "OpenSearch"
                ]
              }
            ],
            "timeouts": null
          },
          "sensitive_attributes": [],
          "private": "eyJlMmJmYjczMC1lY2FhLTExZTYtOGY4OC0zNDM2M2JjN2M0YzAiOnsiY3JlYXRlIjo2MDAwMDAwMDAwMH19"
        }
      ]
    },
    {
      "mode": "managed",
      "type": "newrelic_notification_channel",
      "name": "email_channel",
      "provider": "provider[\"registry.terraform.io/newrelic/newrelic\"]",
      "instances": [
        {
          "schema_version": 0,
          "attributes": {
            "account_id": 2469734,
            "active": true,
            "destination_id": "d98d2090-6614-4e12-9a99-36e6d70277cc",
            "id": "fc71e066-bd50-43e6-a64e-efeb1d2a24c0",
            "name": "Channel-Notify",
            "product": "IINT",
            "property": [
              {
                "display_value": "",
                "key": "source",
                "label": "terraform-source-internal",
                "value": "terraform"
              },
              {
                "display_value": "",
                "key": "subject",
                "label": "",
                "value": "{{ issueTitle }} - Issue {{issueId}} - Timestamp: {{ timestamp }} Instance: MDM-APP-Dev"
              }
            ],
            "status": "DEFAULT",
            "timeouts": null,
            "type": "EMAIL"
          },
          "sensitive_attributes": [],
          "private": "eyJlMmJmYjczMC1lY2FhLTExZTYtOGY4OC0zNDM2M2JjN2M0YzAiOnsiY3JlYXRlIjoxNjAwMDAwMDAwMCwidXBkYXRlIjoxNjAwMDAwMDAwMH19",
          "dependencies": [
            "newrelic_notification_destination.email_destination"
          ]
        }
      ]
    },
    {
      "mode": "managed",
      "type": "newrelic_notification_destination",
      "name": "email_destination",
      "provider": "provider[\"registry.terraform.io/newrelic/newrelic\"]",
      "instances": [
        {
          "schema_version": 1,
          "attributes": {
            "account_id": 2469734,
            "active": true,
            "auth_basic": [],
            "auth_custom_header": [],
            "auth_token": [],
            "guid": "MjQ2OTczNHxBSU9QU3xERVNUSU5BVElPTnxkOThkMjA5MC02NjE0LTRlMTItOWE5OS0zNmU2ZDcwMjc3Y2M",
            "id": "d98d2090-6614-4e12-9a99-36e6d70277cc",
            "last_sent": "",
            "name": "Nandanargunan",
            "property": [
              {
                "display_value": "",
                "key": "email",
                "label": "",
                "value": "nandanargunan.lakshmanan@maryland.gov"
              },
              {
                "display_value": "",
                "key": "source",
                "label": "terraform-source-internal",
                "value": "terraform"
              }
            ],
            "secure_url": [],
            "status": "DEFAULT",
            "timeouts": null,
            "type": "EMAIL"
          },
          "sensitive_attributes": [],
          "private": "eyJlMmJmYjczMC1lY2FhLTExZTYtOGY4OC0zNDM2M2JjN2M0YzAiOnsiY3JlYXRlIjoxNjAwMDAwMDAwMCwidXBkYXRlIjoxNjAwMDAwMDAwMH0sInNjaGVtYV92ZXJzaW9uIjoiMSJ9"
        }
      ]
    },
    {
      "mode": "managed",
      "type": "newrelic_nrql_alert_condition",
      "name": "ec2_cpu_dev_utilz_condition",
      "provider": "provider[\"registry.terraform.io/newrelic/newrelic\"]",
      "instances": [
        {
          "schema_version": 0,
          "attributes": {
            "account_id": 2469734,
            "aggregation_delay": "120",
            "aggregation_method": "event_flow",
            "aggregation_timer": null,
            "aggregation_window": 60,
            "baseline_direction": null,
            "close_violations_on_expiration": false,
            "critical": [
              {
                "duration": 0,
                "operator": "above",
                "threshold": 80,
                "threshold_duration": 300,
                "threshold_occurrences": "all",
                "time_function": ""
              }
            ],
            "description": "",
            "enabled": true,
            "entity_guid": "MjQ2OTczNHxBSU9QU3xDT05ESVRJT058NDU1Mzg1OTU",
            "evaluation_delay": null,
            "expiration_duration": 0,
            "fill_option": "none",
            "fill_value": 0,
            "id": "5723911:45538595",
            "ignore_on_expected_termination": false,
            "name": "EC2-CPU-Metrix (DEV)",
            "nrql": [
              {
                "data_account_id": 0,
                "evaluation_offset": 0,
                "query": "SELECT \r\n  average(cpuPercent) \r\nFROM \r\n  SystemSample \r\nWHERE \r\n  provider = 'Ec2Instance' \r\nFACET \r\n  CASES(\r\n    // MDM Dev Servers (6)\r\n    WHERE entityName = 'ssdpemdmd1e1a01.mdcloud.local' AS 'MDM-APP-Dev',\r\n    WHERE entityName = 'ssdpemdmd2e1a01.mdcloud.local' AS 'MDM-APP-Dev-EnHans',\r\n    WHERE entityName = 'ssdpemdmu1e1a04.mdcloud.local' AS 'MDM-APP-UAT-Node-1',\r\n    WHERE entityName = 'ssdpemdmu1e1c03.mdcloud.local' AS 'MDM-APP-UAT-Node-2',\r\n    WHERE entityName = 'ssdpemdmu2e1a01.mdcloud.local' AS 'MDM-APP-UAT-EnHans',\r\n    // SQL Dev Server (4)\r\n    WHERE entityName = 'SSDPMSQLD1E1A03' AS 'SDP-SQL-Dev',\r\n    WHERE entityName = 'SSDPMSQLD1E1A04' AS 'SDP-SQL-Dev-EnHans',\r\n    WHERE entityName = 'SSDPMSQLUTE1C01' AS 'SDP-SQL-UAT-Pri',\r\n    WHERE entityName = 'SSDPMSQLUTE1A01' AS 'SDP-SQL-UAT-Sec'\r\n  )\r\n",
                "since_value": ""
              }
            ],
            "open_violation_on_expiration": false,
            "policy_id": 5723911,
            "runbook_url": "",
            "slide_by": null,
            "term": [],
            "timeouts": null,
            "title_template": "",
            "type": "static",
            "violation_time_limit": "NON_MATCHABLE_LIMIT_VALUE",
            "violation_time_limit_seconds": 259200,
            "warning": [
              {
                "duration": 0,
                "operator": "above",
                "threshold": 70,
                "threshold_duration": 300,
                "threshold_occurrences": "all",
                "time_function": ""
              }
            ]
          },
          "sensitive_attributes": [],
          "private": "eyJlMmJmYjczMC1lY2FhLTExZTYtOGY4OC0zNDM2M2JjN2M0YzAiOnsiY3JlYXRlIjozMDAwMDAwMDAwMH19",
          "dependencies": [
            "newrelic_alert_policy.ec2_alert_policy"
          ]
        }
      ]
    },
    {
      "mode": "managed",
      "type": "newrelic_nrql_alert_condition",
      "name": "ec2_cpu_prod_utilz_condition",
      "provider": "provider[\"registry.terraform.io/newrelic/newrelic\"]",
      "instances": [
        {
          "schema_version": 0,
          "attributes": {
            "account_id": 2469734,
            "aggregation_delay": "120",
            "aggregation_method": "event_flow",
            "aggregation_timer": null,
            "aggregation_window": 60,
            "baseline_direction": null,
            "close_violations_on_expiration": false,
            "critical": [
              {
                "duration": 0,
                "operator": "above",
                "threshold": 80,
                "threshold_duration": 300,
                "threshold_occurrences": "all",
                "time_function": ""
              }
            ],
            "description": "",
            "enabled": true,
            "entity_guid": "MjQ2OTczNHxBSU9QU3xDT05ESVRJT058NDU1Mzg1OTY",
            "evaluation_delay": null,
            "expiration_duration": 0,
            "fill_option": "none",
            "fill_value": 0,
            "id": "5723911:45538596",
            "ignore_on_expected_termination": false,
            "name": "EC2-CPU-Metrix (Prod)",
            "nrql": [
              {
                "data_account_id": 0,
                "evaluation_offset": 0,
                "query": "SELECT \r\n  average(cpuPercent) \r\nFROM \r\n  SystemSample \r\nWHERE \r\n  provider = 'Ec2Instance' \r\nFACET \r\n  CASES(\r\n    // MDM Prod Servers (5)\r\n    WHERE entityName = 'sdppemdms1e1a01.mdcloud.local' AS 'MDM-APP-Stage-Node-1',\r\n    WHERE entityName = 'sdppemdms1e1c01.mdcloud.local' AS 'MDM-APP-Stage-Node-2',\r\n    WHERE entityName = 'sdppemdms2e1a01.mdcloud.local' AS 'MDM-APP-Stage-EnHans',\r\n    WHERE entityName = 'sdppemdmp1e1a01.mdcloud.local' AS 'MDM-APP-Prod-Node-1',\r\n    WHERE entityName = 'sdppemdmp1e1c01.mdcloud.local' AS 'MDM-APP-Prod-Node-2',\r\n    // SQL Prod Servers (5)\r\n    WHERE entityName = 'SSDPMSQLS1E1C02' AS 'SDP-SQL-Stage-Pri',\r\n    WHERE entityName = 'SSDPMSQLS1E1A02' AS 'SDP-SQL-Stage-Sec',\r\n    WHERE entityName = 'SSDPMSQLPRE1A01' AS 'SDP-SQL-Prod-Pri',\r\n    WHERE entityName = 'SSDPMSQLPRE1C01' AS 'SDP-SQL-Prod-Sec',\r\n    WHERE entityName = 'SSDPMSQLUTE1A03' AS 'SDP-SQL-UAT-EnHans'\r\n  )\r\n",
                "since_value": ""
              }
            ],
            "open_violation_on_expiration": false,
            "policy_id": 5723911,
            "runbook_url": "",
            "slide_by": null,
            "term": [],
            "timeouts": null,
            "title_template": "",
            "type": "static",
            "violation_time_limit": "NON_MATCHABLE_LIMIT_VALUE",
            "violation_time_limit_seconds": 259200,
            "warning": [
              {
                "duration": 0,
                "operator": "above",
                "threshold": 70,
                "threshold_duration": 300,
                "threshold_occurrences": "all",
                "time_function": ""
              }
            ]
          },
          "sensitive_attributes": [],
          "private": "eyJlMmJmYjczMC1lY2FhLTExZTYtOGY4OC0zNDM2M2JjN2M0YzAiOnsiY3JlYXRlIjozMDAwMDAwMDAwMH19",
          "dependencies": [
            "newrelic_alert_policy.ec2_alert_policy"
          ]
        }
      ]
    },
    {
      "mode": "managed",
      "type": "newrelic_one_dashboard",
      "name": "documentdb_dashboard",
      "provider": "provider[\"registry.terraform.io/newrelic/newrelic\"]",
      "instances": [
        {
          "schema_version": 0,
          "attributes": {
            "account_id": 2469734,
            "description": "Document-DB Dashboard utilization metrics",
            "guid": "MjQ2OTczNHxWSVp8REFTSEJPQVJEfGRhOjcxODYwMjI",
            "id": "MjQ2OTczNHxWSVp8REFTSEJPQVJEfGRhOjcxODYwMjI",
            "name": "T-DocumentDB-Dashboard",
            "page": [
              {
                "description": "",
                "guid": "MjQ2OTczNHxWSVp8REFTSEJPQVJEfDIxODQzOTg0",
                "name": "DocumentDB Metrics Overview",
                "widget_area": [],
                "widget_bar": [],
                "widget_billboard": [
                  {
                    "colors": [],
                    "column": 7,
                    "critical": "",
                    "data_format": [],
                    "facet_show_other_series": false,
                    "height": 4,
                    "id": "297808064",
                    "ignore_time_range": false,
                    "initial_sorting": [],
                    "legend_enabled": true,
                    "nrql_query": [
                      {
                        "account_id": 2469734,
                        "query": "SELECT latest(`provider.databaseConnections.Maximum`) AS `CurrentConnections`\r\nFROM AwsDocDbClusterSample \r\nWHERE provider='AwsDocDbCluster' \r\nFACET CASES(\r\n  WHERE entityName = 'mdt-sdp-dlke-e1-u1-dhs-sds-edms-ddb' AS 'EDMS-UAT1-Pri-DocDB',\r\n  WHERE entityName = 'mdt-sdp-dlke-e1-d1-dhs-sds-edms-ddb' AS 'EDMS-Dev1-Pri-DocDB',\r\n  WHERE entityName = 'mdt-sdp-dlke-e1-d2-dhs-sds-edms-ddb' AS 'EDMS-Dev2-Pri-DocDB',\r\n  WHERE entityName = 'ddb-ssdpe1-mdt-ecms-d3-cluster' AS 'EDMS-Dev3-Pri-DocDB',\r\n  WHERE entityName = 'ddb-ssdpe1-mdt-ecms-u2-cluster' AS 'EDMS-UAT2-Pri-DocDB',\r\n  WHERE entityName = 'ddb-ssdpe1-mdt-ecms-d1-sec-cluster' AS 'EDMS-Dev1-Sec-DocDB',\r\n  WHERE entityName = 'ddb-ssdpe1-mdt-ecms-d3-sec-cluster' AS 'EDMS-Dev3-Sec-DocDB',\r\n  WHERE entityName = 'ddb-ssdpe1-mdt-cjams-forms-d1-cluster' AS 'CJAMS-Dev1-Pri-DocDB',\r\n  WHERE entityName = 'ddb-ssdpe1-mdt-ecms-d2-sec-cluster' AS 'EDMS-Dev2-Sec-DocDB',\r\n  WHERE entityName = 'ddb-ssdpe1-mdt-ecms-u1-sec-cluster' AS 'EDMS-UAT1-Sec-DocDB',\r\n  WHERE entityName = 'ddb-ssdpe1-mdt-r360-u1-cluster' AS 'R360-UAT1-Pri-DocDB',\r\n  WHERE entityName = 'ddb-ssdpe1-mdt-r360-d1-cluster' AS 'R360-Dev1-Pri-DocDB',\r\n  WHERE entityName = 'ddb-ssdpe1-mdt-data-portal-d1-cluster' AS 'DataPortal-Dev1-Pri-DocDB'\r\n) \r\n"
                      }
                    ],
                    "null_values": [],
                    "refresh_rate": "",
                    "row": 1,
                    "title": "Cluster Connection Counts (DEV)",
                    "units": [],
                    "warning": "",
                    "width": 6,
                    "y_axis_left_max": 0,
                    "y_axis_left_min": 0
                  }
                ],
                "widget_bullet": [],
                "widget_funnel": [],
                "widget_heatmap": [],
                "widget_histogram": [],
                "widget_json": [],
                "widget_line": [
                  {
                    "colors": [],
                    "column": 1,
                    "data_format": [],
                    "facet_show_other_series": false,
                    "height": 4,
                    "id": "297654133",
                    "ignore_time_range": false,
                    "initial_sorting": [],
                    "is_label_visible": false,
                    "legend_enabled": true,
                    "nrql_query": [
                      {
                        "account_id": 2469734,
                        "query": "SELECT sum(`provider.cpuUtilization.Sum`)\r\nFROM AwsDocDbClusterSample \r\nWHERE provider='AwsDocDbCluster' \r\nFACET CASES(\r\n  WHERE entityName = 'mdt-sdp-dlke-e1-u1-dhs-sds-edms-ddb' AS 'EDMS-UAT1-Pri-DocDB',\r\n  WHERE entityName = 'mdt-sdp-dlke-e1-d1-dhs-sds-edms-ddb' AS 'EDMS-Dev1-Pri-DocDB',\r\n  WHERE entityName = 'mdt-sdp-dlke-e1-d2-dhs-sds-edms-ddb' AS 'EDMS-Dev2-Pri-DocDB',\r\n  WHERE entityName = 'ddb-ssdpe1-mdt-ecms-d3-cluster' AS 'EDMS-Dev3-Pri-DocDB',\r\n  WHERE entityName = 'ddb-ssdpe1-mdt-ecms-u2-cluster' AS 'EDMS-UAT2-Pri-DocDB',\r\n  WHERE entityName = 'ddb-ssdpe1-mdt-ecms-d1-sec-cluster' AS 'EDMS-Dev1-Sec-DocDB',\r\n  WHERE entityName = 'ddb-ssdpe1-mdt-ecms-d3-sec-cluster' AS 'EDMS-Dev3-Sec-DocDB',\r\n  WHERE entityName = 'ddb-ssdpe1-mdt-cjams-forms-d1-cluster' AS 'CJAMS-Dev1-Pri-DocDB',\r\n  WHERE entityName = 'ddb-ssdpe1-mdt-ecms-d2-sec-cluster' AS 'EDMS-Dev2-Sec-DocDB',\r\n  WHERE entityName = 'ddb-ssdpe1-mdt-ecms-u1-sec-cluster' AS 'EDMS-UAT1-Sec-DocDB',\r\n  WHERE entityName = 'ddb-ssdpe1-mdt-r360-u1-cluster' AS 'R360-UAT1-Pri-DocDB',\r\n  WHERE entityName = 'ddb-ssdpe1-mdt-r360-d1-cluster' AS 'R360-Dev1-Pri-DocDB',\r\n  WHERE entityName = 'ddb-ssdpe1-mdt-data-portal-d1-cluster' AS 'DataPortal-Dev1-Pri-DocDB'\r\n) \r\nTIMESERIES auto\r\n"
                      }
                    ],
                    "null_values": [],
                    "refresh_rate": "",
                    "row": 1,
                    "threshold": [],
                    "title": "Clusters CPU Status (DEV)",
                    "units": [],
                    "width": 6,
                    "y_axis_left_max": 0,
                    "y_axis_left_min": 0,
                    "y_axis_left_zero": false,
                    "y_axis_right": []
                  },
                  {
                    "colors": [],
                    "column": 1,
                    "data_format": [],
                    "facet_show_other_series": false,
                    "height": 4,
                    "id": "298243139",
                    "ignore_time_range": false,
                    "initial_sorting": [],
                    "is_label_visible": false,
                    "legend_enabled": true,
                    "nrql_query": [
                      {
                        "account_id": 2469734,
                        "query": "SELECT sum(newrelic.goldenmetrics.infra.awsdocdbcluster.writeIops) AS 'Write IOPS'\r\nFROM Metric \r\nWHERE entityName IN ('mdt-sdp-dlke-e1-u1-dhs-sds-edms-ddb', 'mdt-sdp-dlke-e1-d1-dhs-sds-edms-ddb', 'mdt-sdp-dlke-e1-d2-dhs-sds-edms-ddb', 'ddb-ssdpe1-mdt-ecms-d3-cluster', 'ddb-ssdpe1-mdt-ecms-u2-cluster', 'ddb-ssdpe1-mdt-ecms-d1-sec-cluster', 'ddb-ssdpe1-mdt-ecms-d3-sec-cluster', 'ddb-ssdpe1-mdt-cjams-forms-d1-cluster', 'ddb-ssdpe1-mdt-ecms-d2-sec-cluster', 'ddb-ssdpe1-mdt-ecms-u1-sec-cluster', 'ddb-ssdpe1-mdt-r360-u1-cluster', 'ddb-ssdpe1-mdt-r360-d1-cluster', 'ddb-ssdpe1-mdt-data-portal-d1-cluster')\r\nFACET CASES(\r\n  WHERE entityName = 'mdt-sdp-dlke-e1-u1-dhs-sds-edms-ddb' AS 'EDMS-UAT1-Pri-DocDB',\r\n  WHERE entityName = 'mdt-sdp-dlke-e1-d1-dhs-sds-edms-ddb' AS 'EDMS-Dev1-Pri-DocDB',\r\n  WHERE entityName = 'mdt-sdp-dlke-e1-d2-dhs-sds-edms-ddb' AS 'EDMS-Dev2-Pri-DocDB',\r\n  WHERE entityName = 'ddb-ssdpe1-mdt-ecms-d3-cluster' AS 'EDMS-Dev3-Pri-DocDB',\r\n  WHERE entityName = 'ddb-ssdpe1-mdt-ecms-u2-cluster' AS 'EDMS-UAT2-Pri-DocDB',\r\n  WHERE entityName = 'ddb-ssdpe1-mdt-ecms-d1-sec-cluster' AS 'EDMS-Dev1-Sec-DocDB',\r\n  WHERE entityName = 'ddb-ssdpe1-mdt-ecms-d3-sec-cluster' AS 'EDMS-Dev3-Sec-DocDB',\r\n  WHERE entityName = 'ddb-ssdpe1-mdt-cjams-forms-d1-cluster' AS 'CJAMS-Dev1-Pri-DocDB',\r\n  WHERE entityName = 'ddb-ssdpe1-mdt-ecms-d2-sec-cluster' AS 'EDMS-Dev2-Sec-DocDB',\r\n  WHERE entityName = 'ddb-ssdpe1-mdt-ecms-u1-sec-cluster' AS 'EDMS-UAT1-Sec-DocDB',\r\n  WHERE entityName = 'ddb-ssdpe1-mdt-r360-u1-cluster' AS 'R360-UAT1-Pri-DocDB',\r\n  WHERE entityName = 'ddb-ssdpe1-mdt-r360-d1-cluster' AS 'R360-Dev1-Pri-DocDB',\r\n  WHERE entityName = 'ddb-ssdpe1-mdt-data-portal-d1-cluster' AS 'DataPortal-Dev1-Pri-DocDB'\r\n) \r\nTIMESERIES auto\r\n"
                      }
                    ],
                    "null_values": [],
                    "refresh_rate": "",
                    "row": 5,
                    "threshold": [],
                    "title": "Cluster Write IOPS (DEV)",
                    "units": [],
                    "width": 6,
                    "y_axis_left_max": 0,
                    "y_axis_left_min": 0,
                    "y_axis_left_zero": false,
                    "y_axis_right": []
                  },
                  {
                    "colors": [],
                    "column": 7,
                    "data_format": [],
                    "facet_show_other_series": false,
                    "height": 4,
                    "id": "298244205",
                    "ignore_time_range": false,
                    "initial_sorting": [],
                    "is_label_visible": false,
                    "legend_enabled": true,
                    "nrql_query": [
                      {
                        "account_id": 2469734,
                        "query": "SELECT sum(newrelic.goldenmetrics.infra.awsdocdbcluster.readIopos) AS 'Read IOPS'\r\nFROM Metric \r\nWHERE entityName IN ('mdt-sdp-dlke-e1-u1-dhs-sds-edms-ddb', 'mdt-sdp-dlke-e1-d1-dhs-sds-edms-ddb', 'mdt-sdp-dlke-e1-d2-dhs-sds-edms-ddb', 'ddb-ssdpe1-mdt-ecms-d3-cluster', 'ddb-ssdpe1-mdt-ecms-u2-cluster', 'ddb-ssdpe1-mdt-ecms-d1-sec-cluster', 'ddb-ssdpe1-mdt-ecms-d3-sec-cluster', 'ddb-ssdpe1-mdt-cjams-forms-d1-cluster', 'ddb-ssdpe1-mdt-ecms-d2-sec-cluster', 'ddb-ssdpe1-mdt-ecms-u1-sec-cluster', 'ddb-ssdpe1-mdt-r360-u1-cluster', 'ddb-ssdpe1-mdt-r360-d1-cluster', 'ddb-ssdpe1-mdt-data-portal-d1-cluster')\r\nFACET CASES(\r\n  WHERE entityName = 'mdt-sdp-dlke-e1-u1-dhs-sds-edms-ddb' AS 'EDMS-UAT1-Pri-DocDB',\r\n  WHERE entityName = 'mdt-sdp-dlke-e1-d1-dhs-sds-edms-ddb' AS 'EDMS-Dev1-Pri-DocDB',\r\n  WHERE entityName = 'mdt-sdp-dlke-e1-d2-dhs-sds-edms-ddb' AS 'EDMS-Dev2-Pri-DocDB',\r\n  WHERE entityName = 'ddb-ssdpe1-mdt-ecms-d3-cluster' AS 'EDMS-Dev3-Pri-DocDB',\r\n  WHERE entityName = 'ddb-ssdpe1-mdt-ecms-u2-cluster' AS 'EDMS-UAT2-Pri-DocDB',\r\n  WHERE entityName = 'ddb-ssdpe1-mdt-ecms-d1-sec-cluster' AS 'EDMS-Dev1-Sec-DocDB',\r\n  WHERE entityName = 'ddb-ssdpe1-mdt-ecms-d3-sec-cluster' AS 'EDMS-Dev3-Sec-DocDB',\r\n  WHERE entityName = 'ddb-ssdpe1-mdt-cjams-forms-d1-cluster' AS 'CJAMS-Dev1-Pri-DocDB',\r\n  WHERE entityName = 'ddb-ssdpe1-mdt-ecms-d2-sec-cluster' AS 'EDMS-Dev2-Sec-DocDB',\r\n  WHERE entityName = 'ddb-ssdpe1-mdt-ecms-u1-sec-cluster' AS 'EDMS-UAT1-Sec-DocDB',\r\n  WHERE entityName = 'ddb-ssdpe1-mdt-r360-u1-cluster' AS 'R360-UAT1-Pri-DocDB',\r\n  WHERE entityName = 'ddb-ssdpe1-mdt-r360-d1-cluster' AS 'R360-Dev1-Pri-DocDB',\r\n  WHERE entityName = 'ddb-ssdpe1-mdt-data-portal-d1-cluster' AS 'DataPortal-Dev1-Pri-DocDB'\r\n) \r\nTIMESERIES auto\r\n"
                      }
                    ],
                    "null_values": [],
                    "refresh_rate": "",
                    "row": 5,
                    "threshold": [],
                    "title": "Cluster Read IOPS (DEV)",
                    "units": [],
                    "width": 6,
                    "y_axis_left_max": 0,
                    "y_axis_left_min": 0,
                    "y_axis_left_zero": false,
                    "y_axis_right": []
                  }
                ],
                "widget_log_table": [],
                "widget_markdown": [],
                "widget_pie": [],
                "widget_stacked_bar": [],
                "widget_table": []
              }
            ],
            "permalink": "https://one.newrelic.com/redirect/entity/MjQ2OTczNHxWSVp8REFTSEJPQVJEfGRhOjcxODYwMjI",
            "permissions": "public_read_write",
            "variable": []
          },
          "sensitive_attributes": [],
          "private": "bnVsbA=="
        }
      ]
    },
    {
      "mode": "managed",
      "type": "newrelic_one_dashboard",
      "name": "ec2_dashboard",
      "provider": "provider[\"registry.terraform.io/newrelic/newrelic\"]",
      "instances": [
        {
          "schema_version": 0,
          "attributes": {
            "account_id": 2469734,
            "description": "EC2 Instances Dashboard",
            "guid": "MjQ2OTczNHxWSVp8REFTSEJPQVJEfGRhOjcyMjY1MjQ",
            "id": "MjQ2OTczNHxWSVp8REFTSEJPQVJEfGRhOjcyMjY1MjQ",
            "name": "T-EC2-Performance-Strips",
            "page": [
              {
                "description": "",
                "guid": "MjQ2OTczNHxWSVp8REFTSEJPQVJEfDIyMDIxMjMz",
                "name": "EC2 Instances Overview",
                "widget_area": [],
                "widget_bar": [],
                "widget_billboard": [],
                "widget_bullet": [],
                "widget_funnel": [],
                "widget_heatmap": [],
                "widget_histogram": [],
                "widget_json": [],
                "widget_line": [
                  {
                    "colors": [],
                    "column": 1,
                    "data_format": [],
                    "facet_show_other_series": false,
                    "height": 3,
                    "id": "299583629",
                    "ignore_time_range": false,
                    "initial_sorting": [],
                    "is_label_visible": false,
                    "legend_enabled": true,
                    "nrql_query": [
                      {
                        "account_id": 2469734,
                        "query": "SELECT \r\n  average(`cpuPercent`) AS `CPU used %`\r\nFROM \r\n  SystemSample \r\nWHERE \r\n  provider = 'Ec2Instance' \r\nFACET \r\n  CASES(\r\n    // MDM Dev Servers (6)\r\n    WHERE entityName = 'ssdpemdmd1e1a01.mdcloud.local' AS 'MDM-APP-Dev',\r\n    WHERE entityName = 'ssdpemdmd2e1a01.mdcloud.local' AS 'MDM-APP-Dev-EnHans',\r\n    WHERE entityName = 'ssdpemdmu1e1a04.mdcloud.local' AS 'MDM-APP-UAT-Node-1',\r\n    WHERE entityName = 'ssdpemdmu1e1c03.mdcloud.local' AS 'MDM-APP-UAT-Node-2',\r\n    WHERE entityName = 'ssdpemdmu2e1a01.mdcloud.local' AS 'MDM-APP-UAT-EnHans',\r\n    // SQL Dev Server (4)\r\n    WHERE entityName = 'SSDPMSQLD1E1A03' AS 'SDP-SQL-Dev',\r\n    WHERE entityName = 'SSDPMSQLD1E1A04' AS 'SDP-SQL-Dev-EnHans',\r\n    WHERE entityName = 'SSDPMSQLUTE1C01' AS 'SDP-SQL-UAT-Pri',\r\n    WHERE entityName = 'SSDPMSQLUTE1A01' AS 'SDP-SQL-UAT-Sec'\r\n  )\r\nTIMESERIES AUTO\r\n"
                      }
                    ],
                    "null_values": [],
                    "refresh_rate": "",
                    "row": 1,
                    "threshold": [],
                    "title": "EC2 CPU Utilization (DEV)",
                    "units": [],
                    "width": 6,
                    "y_axis_left_max": 0,
                    "y_axis_left_min": 0,
                    "y_axis_left_zero": false,
                    "y_axis_right": []
                  },
                  {
                    "colors": [],
                    "column": 7,
                    "data_format": [],
                    "facet_show_other_series": false,
                    "height": 3,
                    "id": "299583697",
                    "ignore_time_range": false,
                    "initial_sorting": [],
                    "is_label_visible": false,
                    "legend_enabled": true,
                    "nrql_query": [
                      {
                        "account_id": 2469737,
                        "query": "SELECT \r\n  average(`cpuPercent`) AS `CPU used %`\r\nFROM \r\n  SystemSample \r\nWHERE \r\n  provider = 'Ec2Instance' \r\nFACET \r\n  CASES(\r\n    // MDM Prod Servers (5)\r\n    WHERE entityName = 'sdppemdms1e1a01.mdcloud.local' AS 'MDM-APP-Stage-Node-1',\r\n    WHERE entityName = 'sdppemdms1e1c01.mdcloud.local' AS 'MDM-APP-Stage-Node-2',\r\n    WHERE entityName = 'sdppemdms2e1a01.mdcloud.local' AS 'MDM-APP-Stage-EnHans',\r\n    WHERE entityName = 'sdppemdmp1e1a01.mdcloud.local' AS 'MDM-APP-Prod-Node-1',\r\n    WHERE entityName = 'sdppemdmp1e1c01.mdcloud.local' AS 'MDM-APP-Prod-Node-2',\r\n    // SQL Prod Servers (5)\r\n    WHERE entityName = 'SSDPMSQLS1E1C02' AS 'SDP-SQL-Stage-Pri',\r\n    WHERE entityName = 'SSDPMSQLS1E1A02' AS 'SDP-SQL-Stage-Sec',\r\n    WHERE entityName = 'SSDPMSQLPRE1A01' AS 'SDP-SQL-Prod-Pri',\r\n    WHERE entityName = 'SSDPMSQLPRE1C01' AS 'SDP-SQL-Prod-Sec',\r\n    WHERE entityName = 'SSDPMSQLUTE1A03' AS 'SDP-SQL-UAT-EnHans'\r\n  )\r\nTIMESERIES AUTO\r\n"
                      }
                    ],
                    "null_values": [],
                    "refresh_rate": "",
                    "row": 1,
                    "threshold": [],
                    "title": "EC2 CPU Utilization (Prod)",
                    "units": [],
                    "width": 6,
                    "y_axis_left_max": 0,
                    "y_axis_left_min": 0,
                    "y_axis_left_zero": false,
                    "y_axis_right": []
                  }
                ],
                "widget_log_table": [],
                "widget_markdown": [],
                "widget_pie": [],
                "widget_stacked_bar": [],
                "widget_table": []
              }
            ],
            "permalink": "https://one.newrelic.com/redirect/entity/MjQ2OTczNHxWSVp8REFTSEJPQVJEfGRhOjcyMjY1MjQ",
            "permissions": "public_read_write",
            "variable": []
          },
          "sensitive_attributes": [],
          "private": "bnVsbA=="
        }
      ]
    },
    {
      "mode": "managed",
      "type": "newrelic_one_dashboard",
      "name": "opensearch_dashboard",
      "provider": "provider[\"registry.terraform.io/newrelic/newrelic\"]",
      "instances": [
        {
          "schema_version": 0,
          "attributes": {
            "account_id": 2469734,
            "description": "OpenSearch Cluster Dashboard",
            "guid": "MjQ2OTczNHxWSVp8REFTSEJPQVJEfGRhOjcyMTI4Njg",
            "id": "MjQ2OTczNHxWSVp8REFTSEJPQVJEfGRhOjcyMTI4Njg",
            "name": "T-OpenSearch-Dashboard",
            "page": [
              {
                "description": "",
                "guid": "MjQ2OTczNHxWSVp8REFTSEJPQVJEfDIxOTU5NzUw",
                "name": "OpenSearch Cluster Overview",
                "widget_area": [],
                "widget_bar": [],
                "widget_billboard": [],
                "widget_bullet": [],
                "widget_funnel": [],
                "widget_heatmap": [],
                "widget_histogram": [],
                "widget_json": [],
                "widget_line": [
                  {
                    "colors": [],
                    "column": 7,
                    "data_format": [],
                    "facet_show_other_series": false,
                    "height": 3,
                    "id": "298935708",
                    "ignore_time_range": false,
                    "initial_sorting": [],
                    "is_label_visible": false,
                    "legend_enabled": true,
                    "nrql_query": [
                      {
                        "account_id": 2469734,
                        "query": "SELECT \r\n  average(`provider.CPUUtilization.Maximum`) AS `CPU utilization (%)`\r\nFROM \r\n  DatastoreSample \r\nWHERE \r\n  provider = 'ElasticsearchCluster' \r\nFACET \r\n  CASES(\r\n    WHERE entityName = 'dsdpdlked1e1a03' AS 'R360/EDMS-Dev1-Pri-OpenSearch',\r\n    WHERE entityName = 'dsdpdlkeu1e1a01' AS 'R360/EDMS-UAT1-Pri-OpenSearch',\r\n    WHERE entityName = 'opsr-ssdpe1-dp-d1-adt-log-01' AS 'AuditLog1-DP-Dev1-OpenSearch',\r\n    WHERE entityName = 'opsr-ssdpe1-mdt-d1-audit-log' AS 'AuditLog-EDMS-Dev1-OpenSearch'\r\n  )\r\nTIMESERIES AUTO\r\n"
                      }
                    ],
                    "null_values": [],
                    "refresh_rate": "",
                    "row": 1,
                    "threshold": [],
                    "title": "Cluster CPU Utilization (DEV)",
                    "units": [],
                    "width": 6,
                    "y_axis_left_max": 0,
                    "y_axis_left_min": 0,
                    "y_axis_left_zero": false,
                    "y_axis_right": []
                  },
                  {
                    "colors": [],
                    "column": 1,
                    "data_format": [],
                    "facet_show_other_series": false,
                    "height": 3,
                    "id": "298935706",
                    "ignore_time_range": false,
                    "initial_sorting": [],
                    "is_label_visible": false,
                    "legend_enabled": true,
                    "nrql_query": [
                      {
                        "account_id": 2469734,
                        "query": "SELECT \r\n  average(`provider.JVMMemoryPressure.Maximum`) AS `JVM Memory Pressure (%)`\r\nFROM \r\n  DatastoreSample \r\nWHERE \r\n  provider = 'ElasticsearchCluster' \r\nFACET \r\n  CASES(\r\n    WHERE entityName = 'dsdpdlked1e1a03' AS 'R360/EDMS-Dev1-Pri-OpenSearch',\r\n    WHERE entityName = 'dsdpdlkeu1e1a01' AS 'R360/EDMS-UAT1-Pri-OpenSearch',\r\n    WHERE entityName = 'opsr-ssdpe1-dp-d1-adt-log-01' AS 'AuditLog1-DP-Dev1-OpenSearch',\r\n    WHERE entityName = 'opsr-ssdpe1-mdt-d1-audit-log' AS 'AuditLog-EDMS-Dev1-OpenSearch'\r\n  )\r\nTIMESERIES AUTO\r\n"
                      }
                    ],
                    "null_values": [],
                    "refresh_rate": "",
                    "row": 4,
                    "threshold": [],
                    "title": "JVM Memory Pressure (DEV)",
                    "units": [],
                    "width": 6,
                    "y_axis_left_max": 0,
                    "y_axis_left_min": 0,
                    "y_axis_left_zero": false,
                    "y_axis_right": []
                  },
                  {
                    "colors": [],
                    "column": 7,
                    "data_format": [],
                    "facet_show_other_series": false,
                    "height": 3,
                    "id": "298935707",
                    "ignore_time_range": false,
                    "initial_sorting": [],
                    "is_label_visible": false,
                    "legend_enabled": true,
                    "nrql_query": [
                      {
                        "account_id": 2469734,
                        "query": "SELECT \r\n  average(`provider.SysMemoryUtilization.Maximum`) AS `Memory utilization (%)`\r\nFROM \r\n  DatastoreSample \r\nWHERE \r\n  provider = 'ElasticsearchCluster' \r\nFACET \r\n  CASES(\r\n    WHERE entityName = 'dsdpdlked1e1a03' AS 'R360/EDMS-Dev1-Pri-OpenSearch',\r\n    WHERE entityName = 'dsdpdlkeu1e1a01' AS 'R360/EDMS-UAT1-Pri-OpenSearch',\r\n    WHERE entityName = 'opsr-ssdpe1-dp-d1-adt-log-01' AS 'AuditLog1-DP-Dev1-OpenSearch',\r\n    WHERE entityName = 'opsr-ssdpe1-mdt-d1-audit-log' AS 'AuditLog-EDMS-Dev1-OpenSearch'\r\n  )\r\nTIMESERIES AUTO\r\n"
                      }
                    ],
                    "null_values": [],
                    "refresh_rate": "",
                    "row": 4,
                    "threshold": [],
                    "title": "Cluster Memory Utilization (DEV)",
                    "units": [],
                    "width": 6,
                    "y_axis_left_max": 0,
                    "y_axis_left_min": 0,
                    "y_axis_left_zero": false,
                    "y_axis_right": []
                  },
                  {
                    "colors": [],
                    "column": 1,
                    "data_format": [],
                    "facet_show_other_series": false,
                    "height": 3,
                    "id": "298913216",
                    "ignore_time_range": false,
                    "initial_sorting": [],
                    "is_label_visible": false,
                    "legend_enabled": true,
                    "nrql_query": [
                      {
                        "account_id": 2469734,
                        "query": "SELECT \r\n  sum(`provider.2xx.Sum`) AS `2xx Responses`\r\nFROM \r\n  DatastoreSample \r\nWHERE \r\n  provider = 'ElasticsearchCluster'\r\nFACET \r\n  CASES(\r\n    WHERE entityName = 'dsdpdlked1e1a03' AS 'R360/EDMS-Dev1-Pri-OpenSearch',\r\n    WHERE entityName = 'dsdpdlkeu1e1a01' AS 'R360/EDMS-UAT1-Pri-OpenSearch',\r\n    WHERE entityName = 'opsr-ssdpe1-dp-d1-adt-log-01' AS 'AuditLog1-DP-Dev1-OpenSearch',\r\n    WHERE entityName = 'opsr-ssdpe1-mdt-d1-audit-log' AS 'AuditLog-EDMS-Dev1-OpenSearch'\r\n  )\r\nTIMESERIES AUTO\r\n"
                      }
                    ],
                    "null_values": [],
                    "refresh_rate": "",
                    "row": 7,
                    "threshold": [],
                    "title": "2xx Responses (DEV)",
                    "units": [],
                    "width": 4,
                    "y_axis_left_max": 0,
                    "y_axis_left_min": 0,
                    "y_axis_left_zero": false,
                    "y_axis_right": []
                  },
                  {
                    "colors": [],
                    "column": 5,
                    "data_format": [],
                    "facet_show_other_series": false,
                    "height": 3,
                    "id": "298916998",
                    "ignore_time_range": false,
                    "initial_sorting": [],
                    "is_label_visible": false,
                    "legend_enabled": true,
                    "nrql_query": [
                      {
                        "account_id": 2469734,
                        "query": "SELECT \r\n  sum(`provider.4xx.Sum`) AS `4xx Responses`\r\nFROM \r\n  DatastoreSample \r\nWHERE \r\n  provider = 'ElasticsearchCluster'\r\nFACET \r\n  CASES(\r\n    WHERE entityName = 'dsdpdlked1e1a03' AS 'R360/EDMS-Dev1-Pri-OpenSearch',\r\n    WHERE entityName = 'dsdpdlkeu1e1a01' AS 'R360/EDMS-UAT1-Pri-OpenSearch',\r\n    WHERE entityName = 'opsr-ssdpe1-dp-d1-adt-log-01' AS 'AuditLog1-DP-Dev1-OpenSearch',\r\n    WHERE entityName = 'opsr-ssdpe1-mdt-d1-audit-log' AS 'AuditLog-EDMS-Dev1-OpenSearch'\r\n  )\r\nTIMESERIES AUTO\r\n"
                      }
                    ],
                    "null_values": [],
                    "refresh_rate": "",
                    "row": 7,
                    "threshold": [],
                    "title": "4xx Responses (DEV)",
                    "units": [],
                    "width": 4,
                    "y_axis_left_max": 0,
                    "y_axis_left_min": 0,
                    "y_axis_left_zero": false,
                    "y_axis_right": []
                  },
                  {
                    "colors": [],
                    "column": 9,
                    "data_format": [],
                    "facet_show_other_series": false,
                    "height": 3,
                    "id": "298916999",
                    "ignore_time_range": false,
                    "initial_sorting": [],
                    "is_label_visible": false,
                    "legend_enabled": true,
                    "nrql_query": [
                      {
                        "account_id": 2469734,
                        "query": "SELECT \r\n  sum(`provider.5xx.Sum`) AS `5xx Responses`\r\nFROM \r\n  DatastoreSample \r\nWHERE \r\n  provider = 'ElasticsearchCluster'\r\nFACET \r\n  CASES(\r\n    WHERE entityName = 'dsdpdlked1e1a03' AS 'R360/EDMS-Dev1-Pri-OpenSearch',\r\n    WHERE entityName = 'dsdpdlkeu1e1a01' AS 'R360/EDMS-UAT1-Pri-OpenSearch',\r\n    WHERE entityName = 'opsr-ssdpe1-dp-d1-adt-log-01' AS 'AuditLog1-DP-Dev1-OpenSearch',\r\n    WHERE entityName = 'opsr-ssdpe1-mdt-d1-audit-log' AS 'AuditLog-EDMS-Dev1-OpenSearch'\r\n  )\r\nTIMESERIES AUTO\r\n"
                      }
                    ],
                    "null_values": [],
                    "refresh_rate": "",
                    "row": 7,
                    "threshold": [],
                    "title": "5xx Responses (DEV)",
                    "units": [],
                    "width": 4,
                    "y_axis_left_max": 0,
                    "y_axis_left_min": 0,
                    "y_axis_left_zero": false,
                    "y_axis_right": []
                  }
                ],
                "widget_log_table": [],
                "widget_markdown": [],
                "widget_pie": [],
                "widget_stacked_bar": [],
                "widget_table": [
                  {
                    "colors": [],
                    "column": 1,
                    "data_format": [],
                    "facet_show_other_series": false,
                    "filter_current_dashboard": false,
                    "height": 3,
                    "id": "298911795",
                    "ignore_time_range": false,
                    "initial_sorting": [],
                    "legend_enabled": true,
                    "linked_entity_guids": [],
                    "nrql_query": [
                      {
                        "account_id": 2469734,
                        "query": "SELECT \r\n  max(`provider.ClusterStatus.green.Maximum`) as GreenStatus, \r\n  max(`provider.ClusterStatus.yellow.Maximum`) as YellowStatus, \r\n  max(`provider.ClusterStatus.red.Maximum`) as RedStatus,\r\n  average(`provider.Nodes.Average`) AS Nodes\r\nFROM DatastoreSample \r\nWHERE provider='ElasticsearchCluster'\r\nFACET CASES(\r\n  WHERE entityName = 'dsdpdlked1e1a03' AS 'R360/EDMS-Dev1-Pri-OpenSearch',\r\n  WHERE entityName = 'dsdpdlkeu1e1a01' AS 'R360/EDMS-UAT1-Pri-OpenSearch',\r\n  WHERE entityName = 'opsr-ssdpe1-mdt-d1-audit-log' AS 'AuditLog-EDMS-Dev1-OpenSearch',\r\n  WHERE entityName = 'opsr-ssdpe1-dp-d1-adt-log-01' AS 'AuditLog1-DP-Dev1-OpenSearch'\r\n)\r\n//TIMESERIES auto\r\n"
                      }
                    ],
                    "null_values": [],
                    "refresh_rate": "",
                    "row": 1,
                    "threshold": [],
                    "title": "Cluster Status (DEV)",
                    "units": [],
                    "width": 6,
                    "y_axis_left_max": 0,
                    "y_axis_left_min": 0
                  }
                ]
              }
            ],
            "permalink": "https://one.newrelic.com/redirect/entity/MjQ2OTczNHxWSVp8REFTSEJPQVJEfGRhOjcyMTI4Njg",
            "permissions": "public_read_write",
            "variable": []
          },
          "sensitive_attributes": [],
          "private": "bnVsbA=="
        }
      ]
    },
    {
      "mode": "managed",
      "type": "newrelic_workflow",
      "name": "workflow",
      "provider": "provider[\"registry.terraform.io/newrelic/newrelic\"]",
      "instances": [
        {
          "schema_version": 1,
          "attributes": {
            "account_id": 2469734,
            "destination": [
              {
                "channel_id": "fc71e066-bd50-43e6-a64e-efeb1d2a24c0",
                "name": "Channel-Notify",
                "notification_triggers": [
                  "ACTIVATED",
                  "ACKNOWLEDGED",
                  "CLOSED"
                ],
                "type": "EMAIL",
                "update_original_message": true
              }
            ],
            "destinations_enabled": true,
            "enabled": true,
            "enrichments": [],
            "enrichments_enabled": true,
            "guid": "MjQ2OTczNHxBSU9QU3xXT1JLRkxPV3wwZjdlOTc1Zi1kZDgwLTRhMTItOTc5ZC0zM2Q5OTlmYmFlMGE",
            "id": "0f7e975f-dd80-4a12-979d-33d999fbae0a",
            "issues_filter": [
              {
                "filter_id": "7d544f00-dc72-4280-8ab2-b026ba6a8547",
                "name": "workflow_filter",
                "predicate": [
                  {
                    "attribute": "labels.policyIds",
                    "operator": "EXACTLY_MATCHES",
                    "values": [
                      "5723911"
                    ]
                  }
                ],
                "type": "FILTER"
              }
            ],
            "last_run": "",
            "muting_rules_handling": "DONT_NOTIFY_FULLY_MUTED_ISSUES",
            "name": "Email-WorkFlow",
            "workflow_id": "0f7e975f-dd80-4a12-979d-33d999fbae0a"
          },
          "sensitive_attributes": [],
          "private": "eyJzY2hlbWFfdmVyc2lvbiI6IjEifQ==",
          "dependencies": [
            "newrelic_alert_policy.ec2_alert_policy",
            "newrelic_notification_channel.email_channel",
            "newrelic_notification_destination.email_destination"
          ]
        }
      ]
    }
  ],
  "check_results": null
}
